// !$*UTF8*$!
{
	archiveVersion = 1;
	classes = {
	};
	objectVersion = 46;
	objects = {

/* Begin PBXBuildFile section */
		48836F231BD1135700AB2ECC /* AppDelegate.swift in Sources */ = {isa = PBXBuildFile; fileRef = 48836F221BD1135700AB2ECC /* AppDelegate.swift */; };
		48836F251BD1135700AB2ECC /* ViewController.swift in Sources */ = {isa = PBXBuildFile; fileRef = 48836F241BD1135700AB2ECC /* ViewController.swift */; };
		48836F281BD1135700AB2ECC /* Main.storyboard in Resources */ = {isa = PBXBuildFile; fileRef = 48836F261BD1135700AB2ECC /* Main.storyboard */; };
		48836F2A1BD1135700AB2ECC /* Assets.xcassets in Resources */ = {isa = PBXBuildFile; fileRef = 48836F291BD1135700AB2ECC /* Assets.xcassets */; };
		48836F2D1BD1135700AB2ECC /* LaunchScreen.storyboard in Resources */ = {isa = PBXBuildFile; fileRef = 48836F2B1BD1135700AB2ECC /* LaunchScreen.storyboard */; };
		48836F381BD1135700AB2ECC /* LoadingButtonSwiftDemoTests.swift in Sources */ = {isa = PBXBuildFile; fileRef = 48836F371BD1135700AB2ECC /* LoadingButtonSwiftDemoTests.swift */; };
		48836F431BD1135700AB2ECC /* LoadingButtonSwiftDemoUITests.swift in Sources */ = {isa = PBXBuildFile; fileRef = 48836F421BD1135700AB2ECC /* LoadingButtonSwiftDemoUITests.swift */; };
/* End PBXBuildFile section */

/* Begin PBXContainerItemProxy section */
		48836F341BD1135700AB2ECC /* PBXContainerItemProxy */ = {
			isa = PBXContainerItemProxy;
			containerPortal = 48836F171BD1135700AB2ECC /* Project object */;
			proxyType = 1;
			remoteGlobalIDString = 48836F1E1BD1135700AB2ECC;
			remoteInfo = LoadingButtonSwiftDemo;
		};
		48836F3F1BD1135700AB2ECC /* PBXContainerItemProxy */ = {
			isa = PBXContainerItemProxy;
			containerPortal = 48836F171BD1135700AB2ECC /* Project object */;
			proxyType = 1;
			remoteGlobalIDString = 48836F1E1BD1135700AB2ECC;
			remoteInfo = LoadingButtonSwiftDemo;
		};
/* End PBXContainerItemProxy section */

/* Begin PBXFileReference section */
		48836F1F1BD1135700AB2ECC /* LoadingButtonSwiftDemo.app */ = {isa = PBXFileReference; explicitFileType = wrapper.application; includeInIndex = 0; path = LoadingButtonSwiftDemo.app; sourceTree = BUILT_PRODUCTS_DIR; };
		48836F221BD1135700AB2ECC /* AppDelegate.swift */ = {isa = PBXFileReference; lastKnownFileType = sourcecode.swift; path = AppDelegate.swift; sourceTree = "<group>"; };
		48836F241BD1135700AB2ECC /* ViewController.swift */ = {isa = PBXFileReference; lastKnownFileType = sourcecode.swift; path = ViewController.swift; sourceTree = "<group>"; };
		48836F271BD1135700AB2ECC /* Base */ = {isa = PBXFileReference; lastKnownFileType = file.storyboard; name = Base; path = Base.lproj/Main.storyboard; sourceTree = "<group>"; };
		48836F291BD1135700AB2ECC /* Assets.xcassets */ = {isa = PBXFileReference; lastKnownFileType = folder.assetcatalog; path = Assets.xcassets; sourceTree = "<group>"; };
		48836F2C1BD1135700AB2ECC /* Base */ = {isa = PBXFileReference; lastKnownFileType = file.storyboard; name = Base; path = Base.lproj/LaunchScreen.storyboard; sourceTree = "<group>"; };
		48836F2E1BD1135700AB2ECC /* Info.plist */ = {isa = PBXFileReference; lastKnownFileType = text.plist.xml; path = Info.plist; sourceTree = "<group>"; };
		48836F331BD1135700AB2ECC /* LoadingButtonSwiftDemoTests.xctest */ = {isa = PBXFileReference; explicitFileType = wrapper.cfbundle; includeInIndex = 0; path = LoadingButtonSwiftDemoTests.xctest; sourceTree = BUILT_PRODUCTS_DIR; };
		48836F371BD1135700AB2ECC /* LoadingButtonSwiftDemoTests.swift */ = {isa = PBXFileReference; lastKnownFileType = sourcecode.swift; path = LoadingButtonSwiftDemoTests.swift; sourceTree = "<group>"; };
		48836F391BD1135700AB2ECC /* Info.plist */ = {isa = PBXFileReference; lastKnownFileType = text.plist.xml; path = Info.plist; sourceTree = "<group>"; };
		48836F3E1BD1135700AB2ECC /* LoadingButtonSwiftDemoUITests.xctest */ = {isa = PBXFileReference; explicitFileType = wrapper.cfbundle; includeInIndex = 0; path = LoadingButtonSwiftDemoUITests.xctest; sourceTree = BUILT_PRODUCTS_DIR; };
		48836F421BD1135700AB2ECC /* LoadingButtonSwiftDemoUITests.swift */ = {isa = PBXFileReference; lastKnownFileType = sourcecode.swift; path = LoadingButtonSwiftDemoUITests.swift; sourceTree = "<group>"; };
		48836F441BD1135700AB2ECC /* Info.plist */ = {isa = PBXFileReference; lastKnownFileType = text.plist.xml; path = Info.plist; sourceTree = "<group>"; };
/* End PBXFileReference section */

/* Begin PBXFrameworksBuildPhase section */
		48836F1C1BD1135700AB2ECC /* Frameworks */ = {
			isa = PBXFrameworksBuildPhase;
			buildActionMask = 2147483647;
			files = (
			);
			runOnlyForDeploymentPostprocessing = 0;
		};
		48836F301BD1135700AB2ECC /* Frameworks */ = {
			isa = PBXFrameworksBuildPhase;
			buildActionMask = 2147483647;
			files = (
			);
			runOnlyForDeploymentPostprocessing = 0;
		};
		48836F3B1BD1135700AB2ECC /* Frameworks */ = {
			isa = PBXFrameworksBuildPhase;
			buildActionMask = 2147483647;
			files = (
			);
			runOnlyForDeploymentPostprocessing = 0;
		};
/* End PBXFrameworksBuildPhase section */

/* Begin PBXGroup section */
		48836F161BD1135700AB2ECC = {
			isa = PBXGroup;
			children = (
				48836F211BD1135700AB2ECC /* LoadingButtonSwiftDemo */,
				48836F361BD1135700AB2ECC /* LoadingButtonSwiftDemoTests */,
				48836F411BD1135700AB2ECC /* LoadingButtonSwiftDemoUITests */,
				48836F201BD1135700AB2ECC /* Products */,
			);
			sourceTree = "<group>";
		};
		48836F201BD1135700AB2ECC /* Products */ = {
			isa = PBXGroup;
			children = (
				48836F1F1BD1135700AB2ECC /* LoadingButtonSwiftDemo.app */,
				48836F331BD1135700AB2ECC /* LoadingButtonSwiftDemoTests.xctest */,
				48836F3E1BD1135700AB2ECC /* LoadingButtonSwiftDemoUITests.xctest */,
			);
			name = Products;
			sourceTree = "<group>";
		};
		48836F211BD1135700AB2ECC /* LoadingButtonSwiftDemo */ = {
			isa = PBXGroup;
			children = (
				48836F221BD1135700AB2ECC /* AppDelegate.swift */,
				48836F241BD1135700AB2ECC /* ViewController.swift */,
				48836F261BD1135700AB2ECC /* Main.storyboard */,
				48836F291BD1135700AB2ECC /* Assets.xcassets */,
				48836F2B1BD1135700AB2ECC /* LaunchScreen.storyboard */,
				48836F2E1BD1135700AB2ECC /* Info.plist */,
			);
			path = LoadingButtonSwiftDemo;
			sourceTree = "<group>";
		};
		48836F361BD1135700AB2ECC /* LoadingButtonSwiftDemoTests */ = {
			isa = PBXGroup;
			children = (
				48836F371BD1135700AB2ECC /* LoadingButtonSwiftDemoTests.swift */,
				48836F391BD1135700AB2ECC /* Info.plist */,
			);
			path = LoadingButtonSwiftDemoTests;
			sourceTree = "<group>";
		};
		48836F411BD1135700AB2ECC /* LoadingButtonSwiftDemoUITests */ = {
			isa = PBXGroup;
			children = (
				48836F421BD1135700AB2ECC /* LoadingButtonSwiftDemoUITests.swift */,
				48836F441BD1135700AB2ECC /* Info.plist */,
			);
			path = LoadingButtonSwiftDemoUITests;
			sourceTree = "<group>";
		};
/* End PBXGroup section */

/* Begin PBXNativeTarget section */
		48836F1E1BD1135700AB2ECC /* LoadingButtonSwiftDemo */ = {
			isa = PBXNativeTarget;
			buildConfigurationList = 48836F471BD1135700AB2ECC /* Build configuration list for PBXNativeTarget "LoadingButtonSwiftDemo" */;
			buildPhases = (
				48836F1B1BD1135700AB2ECC /* Sources */,
				48836F1C1BD1135700AB2ECC /* Frameworks */,
				48836F1D1BD1135700AB2ECC /* Resources */,
			);
			buildRules = (
			);
			dependencies = (
			);
			name = LoadingButtonSwiftDemo;
			productName = LoadingButtonSwiftDemo;
			productReference = 48836F1F1BD1135700AB2ECC /* LoadingButtonSwiftDemo.app */;
			productType = "com.apple.product-type.application";
		};
		48836F321BD1135700AB2ECC /* LoadingButtonSwiftDemoTests */ = {
			isa = PBXNativeTarget;
			buildConfigurationList = 48836F4A1BD1135700AB2ECC /* Build configuration list for PBXNativeTarget "LoadingButtonSwiftDemoTests" */;
			buildPhases = (
				48836F2F1BD1135700AB2ECC /* Sources */,
				48836F301BD1135700AB2ECC /* Frameworks */,
				48836F311BD1135700AB2ECC /* Resources */,
			);
			buildRules = (
			);
			dependencies = (
				48836F351BD1135700AB2ECC /* PBXTargetDependency */,
			);
			name = LoadingButtonSwiftDemoTests;
			productName = LoadingButtonSwiftDemoTests;
			productReference = 48836F331BD1135700AB2ECC /* LoadingButtonSwiftDemoTests.xctest */;
			productType = "com.apple.product-type.bundle.unit-test";
		};
		48836F3D1BD1135700AB2ECC /* LoadingButtonSwiftDemoUITests */ = {
			isa = PBXNativeTarget;
			buildConfigurationList = 48836F4D1BD1135700AB2ECC /* Build configuration list for PBXNativeTarget "LoadingButtonSwiftDemoUITests" */;
			buildPhases = (
				48836F3A1BD1135700AB2ECC /* Sources */,
				48836F3B1BD1135700AB2ECC /* Frameworks */,
				48836F3C1BD1135700AB2ECC /* Resources */,
			);
			buildRules = (
			);
			dependencies = (
				48836F401BD1135700AB2ECC /* PBXTargetDependency */,
			);
			name = LoadingButtonSwiftDemoUITests;
			productName = LoadingButtonSwiftDemoUITests;
			productReference = 48836F3E1BD1135700AB2ECC /* LoadingButtonSwiftDemoUITests.xctest */;
			productType = "com.apple.product-type.bundle.ui-testing";
		};
/* End PBXNativeTarget section */

/* Begin PBXProject section */
		48836F171BD1135700AB2ECC /* Project object */ = {
			isa = PBXProject;
			attributes = {
				LastUpgradeCheck = 0710;
				ORGANIZATIONNAME = Apress;
				TargetAttributes = {
					48836F1E1BD1135700AB2ECC = {
						CreatedOnToolsVersion = 7.1;
					};
					48836F321BD1135700AB2ECC = {
						CreatedOnToolsVersion = 7.1;
						TestTargetID = 48836F1E1BD1135700AB2ECC;
					};
					48836F3D1BD1135700AB2ECC = {
						CreatedOnToolsVersion = 7.1;
						TestTargetID = 48836F1E1BD1135700AB2ECC;
					};
				};
			};
			buildConfigurationList = 48836F1A1BD1135700AB2ECC /* Build configuration list for PBXProject "LoadingButtonSwiftDemo" */;
			compatibilityVersion = "Xcode 3.2";
			developmentRegion = English;
			hasScannedForEncodings = 0;
			knownRegions = (
				en,
				Base,
			);
			mainGroup = 48836F161BD1135700AB2ECC;
			productRefGroup = 48836F201BD1135700AB2ECC /* Products */;
			projectDirPath = "";
			projectRoot = "";
			targets = (
				48836F1E1BD1135700AB2ECC /* LoadingButtonSwiftDemo */,
				48836F321BD1135700AB2ECC /* LoadingButtonSwiftDemoTests */,
				48836F3D1BD1135700AB2ECC /* LoadingButtonSwiftDemoUITests */,
			);
		};
/* End PBXProject section */

/* Begin PBXResourcesBuildPhase section */
		48836F1D1BD1135700AB2ECC /* Resources */ = {
			isa = PBXResourcesBuildPhase;
			buildActionMask = 2147483647;
			files = (
				48836F2D1BD1135700AB2ECC /* LaunchScreen.storyboard in Resources */,
				48836F2A1BD1135700AB2ECC /* Assets.xcassets in Resources */,
				48836F281BD1135700AB2ECC /* Main.storyboard in Resources */,
			);
			runOnlyForDeploymentPostprocessing = 0;
		};
		48836F311BD1135700AB2ECC /* Resources */ = {
			isa = PBXResourcesBuildPhase;
			buildActionMask = 2147483647;
			files = (
			);
			runOnlyForDeploymentPostprocessing = 0;
		};
		48836F3C1BD1135700AB2ECC /* Resources */ = {
			isa = PBXResourcesBuildPhase;
			buildActionMask = 2147483647;
			files = (
			);
			runOnlyForDeploymentPostprocessing = 0;
		};
/* End PBXResourcesBuildPhase section */

/* Begin PBXSourcesBuildPhase section */
		48836F1B1BD1135700AB2ECC /* Sources */ = {
			isa = PBXSourcesBuildPhase;
			buildActionMask = 2147483647;
			files = (
				48836F251BD1135700AB2ECC /* ViewController.swift in Sources */,
				48836F231BD1135700AB2ECC /* AppDelegate.swift in Sources */,
			);
			runOnlyForDeploymentPostprocessing = 0;
		};
		48836F2F1BD1135700AB2ECC /* Sources */ = {
			isa = PBXSourcesBuildPhase;
			buildActionMask = 2147483647;
			files = (
				48836F381BD1135700AB2ECC /* LoadingButtonSwiftDemoTests.swift in Sources */,
			);
			runOnlyForDeploymentPostprocessing = 0;
		};
		48836F3A1BD1135700AB2ECC /* Sources */ = {
			isa = PBXSourcesBuildPhase;
			buildActionMask = 2147483647;
			files = (
				48836F431BD1135700AB2ECC /* LoadingButtonSwiftDemoUITests.swift in Sources */,
			);
			runOnlyForDeploymentPostprocessing = 0;
		};
/* End PBXSourcesBuildPhase section */

/* Begin PBXTargetDependency section */
		48836F351BD1135700AB2ECC /* PBXTargetDependency */ = {
			isa = PBXTargetDependency;
			target = 48836F1E1BD1135700AB2ECC /* LoadingButtonSwiftDemo */;
			targetProxy = 48836F341BD1135700AB2ECC /* PBXContainerItemProxy */;
		};
		48836F401BD1135700AB2ECC /* PBXTargetDependency */ = {
			isa = PBXTargetDependency;
			target = 48836F1E1BD1135700AB2ECC /* LoadingButtonSwiftDemo */;
			targetProxy = 48836F3F1BD1135700AB2ECC /* PBXContainerItemProxy */;
		};
/* End PBXTargetDependency section */

/* Begin PBXVariantGroup section */
		48836F261BD1135700AB2ECC /* Main.storyboard */ = {
			isa = PBXVariantGroup;
			children = (
				48836F271BD1135700AB2ECC /* Base */,
			);
			name = Main.storyboard;
			sourceTree = "<group>";
		};
		48836F2B1BD1135700AB2ECC /* LaunchScreen.storyboard */ = {
			isa = PBXVariantGroup;
			children = (
				48836F2C1BD1135700AB2ECC /* Base */,
			);
			name = LaunchScreen.storyboard;
			sourceTree = "<group>";
		};
/* End PBXVariantGroup section */

/* Begin XCBuildConfiguration section */
		48836F451BD1135700AB2ECC /* Debug */ = {
			isa = XCBuildConfiguration;
			buildSettings = {
				ALWAYS_SEARCH_USER_PATHS = NO;
				CLANG_CXX_LANGUAGE_STANDARD = "gnu++0x";
				CLANG_CXX_LIBRARY = "libc++";
				CLANG_ENABLE_MODULES = YES;
				CLANG_ENABLE_OBJC_ARC = YES;
				CLANG_WARN_BOOL_CONVERSION = YES;
				CLANG_WARN_CONSTANT_CONVERSION = YES;
				CLANG_WARN_DIRECT_OBJC_ISA_USAGE = YES_ERROR;
				CLANG_WARN_EMPTY_BODY = YES;
				CLANG_WARN_ENUM_CONVERSION = YES;
				CLANG_WARN_INT_CONVERSION = YES;
				CLANG_WARN_OBJC_ROOT_CLASS = YES_ERROR;
				CLANG_WARN_UNREACHABLE_CODE = YES;
				CLANG_WARN__DUPLICATE_METHOD_MATCH = YES;
				"CODE_SIGN_IDENTITY[sdk=iphoneos*]" = "iPhone Developer";
				COPY_PHASE_STRIP = NO;
				DEBUG_INFORMATION_FORMAT = dwarf;
				ENABLE_STRICT_OBJC_MSGSEND = YES;
				ENABLE_TESTABILITY = YES;
				GCC_C_LANGUAGE_STANDARD = gnu99;
				GCC_DYNAMIC_NO_PIC = NO;
				GCC_NO_COMMON_BLOCKS = YES;
				GCC_OPTIMIZATION_LEVEL = 0;
				GCC_PREPROCESSOR_DEFINITIONS = (
					"DEBUG=1",
					"$(inherited)",
				);
				GCC_WARN_64_TO_32_BIT_CONVERSION = YES;
				GCC_WARN_ABOUT_RETURN_TYPE = YES_ERROR;
				GCC_WARN_UNDECLARED_SELECTOR = YES;
				GCC_WARN_UNINITIALIZED_AUTOS = YES_AGGRESSIVE;
				GCC_WARN_UNUSED_FUNCTION = YES;
				GCC_WARN_UNUSED_VARIABLE = YES;
				IPHONEOS_DEPLOYMENT_TARGET = 9.1;
				MTL_ENABLE_DEBUG_INFO = YES;
				ONLY_ACTIVE_ARCH = YES;
				SDKROOT = iphoneos;
				SWIFT_OPTIMIZATION_LEVEL = "-Onone";
			};
			name = Debug;
		};
		48836F461BD1135700AB2ECC /* Release */ = {
			isa = XCBuildConfiguration;
			buildSettings = {
				ALWAYS_SEARCH_USER_PATHS = NO;
				CLANG_CXX_LANGUAGE_STANDARD = "gnu++0x";
				CLANG_CXX_LIBRARY = "libc++";
				CLANG_ENABLE_MODULES = YES;
				CLANG_ENABLE_OBJC_ARC = YES;
				CLANG_WARN_BOOL_CONVERSION = YES;
				CLANG_WARN_CONSTANT_CONVERSION = YES;
				CLANG_WARN_DIRECT_OBJC_ISA_USAGE = YES_ERROR;
				CLANG_WARN_EMPTY_BODY = YES;
				CLANG_WARN_ENUM_CONVERSION = YES;
				CLANG_WARN_INT_CONVERSION = YES;
				CLANG_WARN_OBJC_ROOT_CLASS = YES_ERROR;
				CLANG_WARN_UNREACHABLE_CODE = YES;
				CLANG_WARN__DUPLICATE_METHOD_MATCH = YES;
				"CODE_SIGN_IDENTITY[sdk=iphoneos*]" = "iPhone Developer";
				COPY_PHASE_STRIP = NO;
				DEBUG_INFORMATION_FORMAT = "dwarf-with-dsym";
				ENABLE_NS_ASSERTIONS = NO;
				ENABLE_STRICT_OBJC_MSGSEND = YES;
				GCC_C_LANGUAGE_STANDARD = gnu99;
				GCC_NO_COMMON_BLOCKS = YES;
				GCC_WARN_64_TO_32_BIT_CONVERSION = YES;
				GCC_WARN_ABOUT_RETURN_TYPE = YES_ERROR;
				GCC_WARN_UNDECLARED_SELECTOR = YES;
				GCC_WARN_UNINITIALIZED_AUTOS = YES_AGGRESSIVE;
				GCC_WARN_UNUSED_FUNCTION = YES;
				GCC_WARN_UNUSED_VARIABLE = YES;
				IPHONEOS_DEPLOYMENT_TARGET = 9.1;
				MTL_ENABLE_DEBUG_INFO = NO;
				SDKROOT = iphoneos;
				VALIDATE_PRODUCT = YES;
			};
			name = Release;
		};
		48836F481BD1135700AB2ECC /* Debug */ = {
			isa = XCBuildConfiguration;
			buildSettings = {
				ASSETCATALOG_COMPILER_APPICON_NAME = AppIcon;
				INFOPLIST_FILE = LoadingButtonSwiftDemo/Info.plist;
				LD_RUNPATH_SEARCH_PATHS = "$(inherited) @executable_path/Frameworks";
				PRODUCT_BUNDLE_IDENTIFIER = com.apress.LoadingButtonSwiftDemo;
				PRODUCT_NAME = "$(TARGET_NAME)";
			};
			name = Debug;
		};
		48836F491BD1135700AB2ECC /* Release */ = {
			isa = XCBuildConfiguration;
			buildSettings = {
				ASSETCATALOG_COMPILER_APPICON_NAME = AppIcon;
				INFOPLIST_FILE = LoadingButtonSwiftDemo/Info.plist;
				LD_RUNPATH_SEARCH_PATHS = "$(inherited) @executable_path/Frameworks";
				PRODUCT_BUNDLE_IDENTIFIER = com.apress.LoadingButtonSwiftDemo;
				PRODUCT_NAME = "$(TARGET_NAME)";
			};
			name = Release;
		};
		48836F4B1BD1135700AB2ECC /* Debug */ = {
			isa = XCBuildConfiguration;
			buildSettings = {
				BUNDLE_LOADER = "$(TEST_HOST)";
				INFOPLIST_FILE = LoadingButtonSwiftDemoTests/Info.plist;
				LD_RUNPATH_SEARCH_PATHS = "$(inherited) @executable_path/Frameworks @loader_path/Frameworks";
				PRODUCT_BUNDLE_IDENTIFIER = com.apress.LoadingButtonSwiftDemoTests;
				PRODUCT_NAME = "$(TARGET_NAME)";
				TEST_HOST = "$(BUILT_PRODUCTS_DIR)/LoadingButtonSwiftDemo.app/LoadingButtonSwiftDemo";
			};
			name = Debug;
		};
		48836F4C1BD1135700AB2ECC /* Release */ = {
			isa = XCBuildConfiguration;
			buildSettings = {
				BUNDLE_LOADER = "$(TEST_HOST)";
				INFOPLIST_FILE = LoadingButtonSwiftDemoTests/Info.plist;
				LD_RUNPATH_SEARCH_PATHS = "$(inherited) @executable_path/Frameworks @loader_path/Frameworks";
				PRODUCT_BUNDLE_IDENTIFIER = com.apress.LoadingButtonSwiftDemoTests;
				PRODUCT_NAME = "$(TARGET_NAME)";
				TEST_HOST = "$(BUILT_PRODUCTS_DIR)/LoadingButtonSwiftDemo.app/LoadingButtonSwiftDemo";
			};
			name = Release;
		};
		48836F4E1BD1135700AB2ECC /* Debug */ = {
			isa = XCBuildConfiguration;
			buildSettings = {
				INFOPLIST_FILE = LoadingButtonSwiftDemoUITests/Info.plist;
				LD_RUNPATH_SEARCH_PATHS = "$(inherited) @executable_path/Frameworks @loader_path/Frameworks";
				PRODUCT_BUNDLE_IDENTIFIER = com.apress.LoadingButtonSwiftDemoUITests;
				PRODUCT_NAME = "$(TARGET_NAME)";
				TEST_TARGET_NAME = LoadingButtonSwiftDemo;
				USES_XCTRUNNER = YES;
			};
			name = Debug;
		};
		48836F4F1BD1135700AB2ECC /* Release */ = {
			isa = XCBuildConfiguration;
			buildSettings = {
				INFOPLIST_FILE = LoadingButtonSwiftDemoUITests/Info.plist;
				LD_RUNPATH_SEARCH_PATHS = "$(inherited) @executable_path/Frameworks @loader_path/Frameworks";
				PRODUCT_BUNDLE_IDENTIFIER = com.apress.LoadingButtonSwiftDemoUITests;
				PRODUCT_NAME = "$(TARGET_NAME)";
				TEST_TARGET_NAME = LoadingButtonSwiftDemo;
				USES_XCTRUNNER = YES;
			};
			name = Release;
		};
/* End XCBuildConfiguration section */

/* Begin XCConfigurationList section */
		48836F1A1BD1135700AB2ECC /* Build configuration list for PBXProject "LoadingButtonSwiftDemo" */ = {
			isa = XCConfigurationList;
			buildConfigurations = (
				48836F451BD1135700AB2ECC /* Debug */,
				48836F461BD1135700AB2ECC /* Release */,
			);
			defaultConfigurationIsVisible = 0;
			defaultConfigurationName = Release;
		};
		48836F471BD1135700AB2ECC /* Build configuration list for PBXNativeTarget "LoadingButtonSwiftDemo" */ = {
			isa = XCConfigurationList;
			buildConfigurations = (
				48836F481BD1135700AB2ECC /* Debug */,
				48836F491BD1135700AB2ECC /* Release */,
			);
			defaultConfigurationIsVisible = 0;
		};
		48836F4A1BD1135700AB2ECC /* Build configuration list for PBXNativeTarget "LoadingButtonSwiftDemoTests" */ = {
			isa = XCConfigurationList;
			buildConfigurations = (
				48836F4B1BD1135700AB2ECC /* Debug */,
				48836F4C1BD1135700AB2ECC /* Release */,
			);
			defaultConfigurationIsVisible = 0;
		};
		48836F4D1BD1135700AB2ECC /* Build configuration list for PBXNativeTarget "LoadingButtonSwiftDemoUITests" */ = {
			isa = XCConfigurationList;
			buildConfigurations = (
				48836F4E1BD1135700AB2ECC /* Debug */,
				48836F4F1BD1135700AB2ECC /* Release */,
			);
			defaultConfigurationIsVisible = 0;
		};
/* End XCConfigurationList section */
	};
	rootObject = 48836F171BD1135700AB2ECC /* Project object */;
}
